
Microsoft Visual Studio Solution File, Format Version 10.00
# Visual Studio 2008
Project("{FAE04EC0-301F-11D3-BF4B-00C04F79EFBC}") = "GaugeTestapp", "GaugeTestapp\GaugeTestapp.csproj", "{72F74B0C-5BFD-4CA3-B1B4-3DDE615DBABC}"
EndProject
Project("{FAE04EC0-301F-11D3-BF4B-00C04F79EFBC}") = "HVGauge", "HVGauge\HVGauge.csproj", "{0755B43E-3F17-4651-96BA-35192B3448B3}"
EndProject
Global
	GlobalSection(SolutionConfigurationPlatforms) = preSolution
		Debug|Any CPU = Debug|Any CPU
		Release|Any CPU = Release|Any CPU
	EndGlobalSection
	GlobalSection(ProjectConfigurationPlatforms) = postSolution
		{72F74B0C-5BFD-4CA3-B1B4-3DDE615DBABC}.Debug|Any CPU.ActiveCfg = Debug|Any CPU
		{72F74B0C-5BFD-4CA3-B1B4-3DDE615DBABC}.Debug|Any CPU.Build.0 = Debug|Any CPU
		{72F74B0C-5BFD-4CA3-B1B4-3DDE615DBABC}.Release|Any CPU.ActiveCfg = Release|Any CPU
		{72F74B0C-5BFD-4CA3-B1B4-3DDE615DBABC}.Release|Any CPU.Build.0 = Release|Any CPU
		{0755B43E-3F17-4651-96BA-35192B3448B3}.Debug|Any CPU.ActiveCfg = Debug|Any CPU
		{0755B43E-3F17-4651-96BA-35192B3448B3}.Debug|Any CPU.Build.0 = Debug|Any CPU
		{0755B43E-3F17-4651-96BA-35192B3448B3}.Release|Any CPU.ActiveCfg = Release|Any CPU
		{0755B43E-3F17-4651-96BA-35192B3448B3}.Release|Any CPU.Build.0 = Release|Any CPU
	EndGlobalSection
	GlobalSection(SolutionProperties) = preSolution
		HideSolutionNode = FALSE
	EndGlobalSection
EndGlobal
